
Microsoft Visual Studio Solution File, Format Version 12.00
# Visual Studio 15
VisualStudioVersion = 15.0.28307.902
MinimumVisualStudioVersion = 10.0.40219.1
Project("{888888A0-9F3D-457C-B088-3A5042F75D52}") = "Tetris", "Tetris\Tetris.pyproj", "{C1A1A3A2-919F-4474-A7AF-BEC3A523112F}"
EndProject
Global
	GlobalSection(SolutionConfigurationPlatforms) = preSolution
		Debug|Any CPU = Debug|Any CPU
		Release|Any CPU = Release|Any CPU
	EndGlobalSection
	GlobalSection(ProjectConfigurationPlatforms) = postSolution
		{C1A1A3A2-919F-4474-A7AF-BEC3A523112F}.Debug|Any CPU.ActiveCfg = Debug|Any CPU
		{C1A1A3A2-919F-4474-A7AF-BEC3A523112F}.Release|Any CPU.ActiveCfg = Release|Any CPU
	EndGlobalSection
	GlobalSection(SolutionProperties) = preSolution
		HideSolutionNode = FALSE
	EndGlobalSection
	GlobalSection(ExtensibilityGlobals) = postSolution
		SolutionGuid = {80A23B9A-950A-43A8-8008-8D9B27CE2524}
	EndGlobalSection
EndGlobal
